
Microsoft Visual Studio Solution File, Format Version 12.00
# Visual Studio Version 16
VisualStudioVersion = 16.0.30907.101
MinimumVisualStudioVersion = 10.0.40219.1
Project("{9A19103F-16F7-4668-BE54-9A1E7A4F7556}") = "EverLite", "EverLite\EverLite.csproj", "{B0DDD405-6FBD-48EB-8D93-B9E57CE734EC}"
EndProject
Project("{9A19103F-16F7-4668-BE54-9A1E7A4F7556}") = "EverLiteTests", "EverLiteTests\EverLiteTests.csproj", "{BD49D749-BA3E-4451-9AF6-62917BAB3BD8}"
EndProject
Global
	GlobalSection(SolutionConfigurationPlatforms) = preSolution
		Debug|Any CPU = Debug|Any CPU
		Release|Any CPU = Release|Any CPU
	EndGlobalSection
	GlobalSection(ProjectConfigurationPlatforms) = postSolution
		{B0DDD405-6FBD-48EB-8D93-B9E57CE734EC}.Debug|Any CPU.ActiveCfg = Debug|Any CPU
		{B0DDD405-6FBD-48EB-8D93-B9E57CE734EC}.Debug|Any CPU.Build.0 = Debug|Any CPU
		{B0DDD405-6FBD-48EB-8D93-B9E57CE734EC}.Release|Any CPU.ActiveCfg = Release|Any CPU
		{B0DDD405-6FBD-48EB-8D93-B9E57CE734EC}.Release|Any CPU.Build.0 = Release|Any CPU
		{BD49D749-BA3E-4451-9AF6-62917BAB3BD8}.Debug|Any CPU.ActiveCfg = Debug|Any CPU
		{BD49D749-BA3E-4451-9AF6-62917BAB3BD8}.Debug|Any CPU.Build.0 = Debug|Any CPU
		{BD49D749-BA3E-4451-9AF6-62917BAB3BD8}.Release|Any CPU.ActiveCfg = Release|Any CPU
		{BD49D749-BA3E-4451-9AF6-62917BAB3BD8}.Release|Any CPU.Build.0 = Release|Any CPU
	EndGlobalSection
	GlobalSection(SolutionProperties) = preSolution
		HideSolutionNode = FALSE
	EndGlobalSection
	GlobalSection(ExtensibilityGlobals) = postSolution
		SolutionGuid = {0D576FCD-A7D1-42B7-8FAC-504322DE3D3B}
	EndGlobalSection
EndGlobal
